github.com/Cyberax/echo/v4 v4.1.6-fork h1:Zr8Hqo50ASazA0uZGd6l/ILKlMBVnblNfZJ2S7kmqfI=
github.com/Cyberax/echo/v4 v4.1.6-fork/go.mod h1:kU/7PwzgNxZH4das4XNsSpBSOD09XIF5YEPzjpkGnGE=
github.com/aws/aws-sdk-go v1.25.31 h1:14mdh3HsTgRekePPkYcCbAaEXJknc3mN7f4XfsiMMDA=
github.com/aws/aws-sdk-go v1.25.31/go.mod h1:KmX6BPdI08NWTb3/sm4ZGu5ShLoqVDhKgpiN924inxo=
github.com/aws/aws-sdk-go-v2 v0.15.0 h1:mQCV2MV4I0L02Nwi1xs0HM7yWbrcWjjUOy1UAv27sw8=
github.com/aws/aws-sdk-go-v2 v0.15.0/go.mod h1:pFLIN9LDjOEwHfruGweAXEq0XaD6uRkY8FsRkxhuBIg=
github.com/cockroachdb/apd v1.1.0 h1:3LFP3629v+1aKXU5Q37mxmRxX/pIu1nijXydLShEq5I=
github.com/cockroachdb/apd v1.1.0/go.mod h1:8Sl8LxpKi29FqWXR16WEFZRNSz3SoPzUzeMeY4+DwBQ=
github.com/cyberdelia/templates v0.0.0-20141128023046-ca7fffd4298c/go.mod h1:GyV+0YP4qX0UQ7r2MoYZ+AvYDp12OF5yg4q8rGnyNh4=
github.com/davecgh/go-spew v1.1.0/go.mod h1:J7Y8YcW2NihsgmVo/mv3lAwl/skON4iLHjSsI+c5H38=
github.com/davecgh/go-spew v1.1.1 h1:vj9j/u1bqnvCEfJOwUhtlOARqs3+rkHYY13jYWTU97c=
github.com/davecgh/go-spew v1.1.1/go.mod h1:J7Y8YcW2NihsgmVo/mv3lAwl/skON4iLHjSsI+c5H38=
github.com/deepmap/oapi-codegen v1.3.0 h1:TtSQgcfXDqrzfKVbh5441gqUDVwH4TGCBENbTXFhvjo=
github.com/deepmap/oapi-codegen v1.3.0/go.mod h1:xLEBw89ZgFfs2Kn5wgacrCjKOQwRzSC2g7QhUUCURbI=
github.com/dgrijalva/jwt-go v3.2.0+incompatible/go.mod h1:E3ru+11k8xSBh+hMPgOLZmtrrCbhqsmaPHjLKYnJCaQ=
github.com/getkin/kin-openapi v0.2.0/go.mod h1:V1z9xl9oF5Wt7v32ne4FmiF1alpS4dM6mNzoywPOXlk=
github.com/getkin/kin-openapi v0.2.1-0.20190729060947-8785b416cb32 h1:cF7fz+DUBofoV1Pze0XVl+la8axlOD+PH2qGrWkk+Wg=
github.com/getkin/kin-openapi v0.2.1-0.20190729060947-8785b416cb32/go.mod h1:V1z9xl9oF5Wt7v32ne4FmiF1alpS4dM6mNzoywPOXlk=
github.com/ghodss/yaml v1.0.0 h1:wQHKEahhL6wmXdzwWG11gIVCkOv05bNOh+Rxn0yngAk=
github.com/ghodss/yaml v1.0.0/go.mod h1:4dBDuWmgqj2HViK6kFavaiC9ZROes6MMH2rRYeMEF04=
github.com/go-chi/chi v4.0.2+incompatible/go.mod h1:eB3wogJHnLi3x/kFX2A+IbTBlXxmMeXJVKy9tTv1XzQ=
github.com/go-sql-driver/mysql v1.4.0 h1:7LxgVwFb2hIQtMm87NdgAVfXjnt4OePseqT1tKx+opk=
github.com/go-sql-driver/mysql v1.4.0/go.mod h1:zAC/RDZ24gD3HViQzih4MyKcchzm+sOG5ZlKdlhCg5w=
github.com/go-stack/stack v1.8.0/go.mod h1:v0f6uXyyMGvRgIKkXu+yp6POWl0qKG85gN/melR3HDY=
github.com/golang/protobuf v1.2.0/go.mod h1:6lQm79b+lXiMfvg/cZm0SGofjICqVBUtrP5yJMmIC1U=
github.com/golang/protobuf v1.3.1/go.mod h1:6lQm79b+lXiMfvg/cZm0SGofjICqVBUtrP5yJMmIC1U=
github.com/golangci/lint-1 v0.0.0-20181222135242-d2cdd8c08219/go.mod h1:/X8TswGSh1pIozq4ZwCfxS0WA5JGXguxk94ar/4c87Y=
github.com/google/go-cmp v0.3.1/go.mod h1:8QqcDgzrUqlUb/G2PQTWiueGozuR1884gddMywk6iLU=
github.com/inconshreveable/mousetrap v1.0.0 h1:Z8tu5sraLXCXIcARxBp/8cbvlwVa7Z1NHg9XEKhtSvM=
github.com/inconshreveable/mousetrap v1.0.0/go.mod h1:PxqpIevigyE2G7u3NXJIT2ANytuPF1OarO4DADm73n8=
github.com/jackc/chunkreader v1.0.0 h1:4s39bBR8ByfqH+DKm8rQA3E1LHZWB9XWcrz8fqaZbe0=
github.com/jackc/chunkreader v1.0.0/go.mod h1:RT6O25fNZIuasFJRyZ4R/Y2BbhasbmZXF9QQ7T3kePo=
github.com/jackc/pgconn v0.0.0-20190420214824-7e0022ef6ba3/go.mod h1:jkELnwuX+w9qN5YIfX0fl88Ehu4XC3keFuOJJk9pcnA=
github.com/jackc/pgconn v0.0.0-20190528115420-71ec1f782113 h1:EpJHD0fHY9s+K1d2gn0YrVNf2MzCZsgtGgnzKqJGnOw=
github.com/jackc/pgconn v0.0.0-20190528115420-71ec1f782113/go.mod h1:f8MMBsyH8EXpj7xNt09B6QAWl1OYflD0QeF6BBCYsdM=
github.com/jackc/pgio v1.0.0 h1:g12B9UwVnzGhueNavwioyEEpAmqMe1E/BN9ES+8ovkE=
github.com/jackc/pgio v1.0.0/go.mod h1:oP+2QK2wFfUWgr+gxjoBH9KGBb31Eio69xUb0w5bYf8=
github.com/jackc/pgpassfile v1.0.0 h1:/6Hmqy13Ss2zCq62VdNG8tM1wchn8zjSGOBJ6icpsIM=
github.com/jackc/pgpassfile v1.0.0/go.mod h1:CEx0iS5ambNFdcRtxPj5JhEz+xB6uRky5eyVu/W2HEg=
github.com/jackc/pgproto3 v1.1.0 h1:FYYE4yRw+AgI8wXIinMlNjBbp/UitDJwfj5LqqewP1A=
github.com/jackc/pgproto3 v1.1.0/go.mod h1:eR5FA3leWg7p9aeAqi37XOTgTIbkABlvcPB3E5rlc78=
github.com/jackc/pgproto3/v2 v2.0.0-alpha1.0.20190420180111-c116219b62db h1:UpaKn/gYxzH6/zWyRQH1S260zvKqwJJ4h8+Kf09ooh0=
github.com/jackc/pgproto3/v2 v2.0.0-alpha1.0.20190420180111-c116219b62db/go.mod h1:bhq50y+xrl9n5mRYyCBFKkpRVTLYJVWeCc+mEAI3yXA=
github.com/jackc/pgtype v0.0.0-20190421001408-4ed0de4755e0 h1:mX93v750WifMD1htCt7vqeolcnpaG1gz8URVGjSzcUM=
github.com/jackc/pgtype v0.0.0-20190421001408-4ed0de4755e0/go.mod h1:hdSHsc1V01CGwFsrv11mJRHWJ6aifDLfdV3aVjFF0zg=
github.com/jackc/pgx/v4 v4.0.0-20190420224344-cc3461e65d96/go.mod h1:mdxmSJJuR08CZQyj1PVQBHy9XOp5p8/SHH6a0psbY9Y=
github.com/jackc/pgx/v4 v4.0.0-pre1 h1:PjBj5i90WFMM70d4ZyHTO6wYpQIlpoBHrsK0lvvUUE8=
github.com/jackc/pgx/v4 v4.0.0-pre1/go.mod h1:+gGq3/4NCLe7L7MVJUDACJ35hK1ZtSrhhaIHjf4L99Y=
github.com/jackc/puddle v0.0.0-20190413234325-e4ced69a3a2b/go.mod h1:m4B5Dj62Y0fbyuIc15OsIqK0+JU8nkqQjsgx7dvjSWk=
github.com/jmespath/go-jmespath v0.0.0-20180206201540-c2b33e8439af h1:pmfjZENx5imkbgOkpRUYLnmbU7UEFbjtDA2hxJ1ichM=
github.com/jmespath/go-jmespath v0.0.0-20180206201540-c2b33e8439af/go.mod h1:Nht3zPeWKUH0NzdCt2Blrr5ys8VGpn0CEB0cQHVjt7k=
github.com/jmoiron/sqlx v1.2.0 h1:41Ip0zITnmWNR/vHV+S4m+VoUivnWY5E4OJfLZjCJMA=
github.com/jmoiron/sqlx v1.2.0/go.mod h1:1FEQNm3xlJgrMD+FBdI9+xvCksHtbpVBBw5dYhBSsks=
github.com/konsorten/go-windows-terminal-sequences v1.0.1/go.mod h1:T0+1ngSBFLxvqU3pZ+m/2kptfBszLMUkC4ZK/EgS/cQ=
github.com/kr/pretty v0.1.0 h1:L/CwN0zerZDmRFUapSPitk6f+Q3+0za1rQkzVuMiMFI=
github.com/kr/pretty v0.1.0/go.mod h1:dAy3ld7l9f0ibDNOQOHHMYYIIbhfbHSm3C4ZsoJORNo=
github.com/kr/pty v1.1.1/go.mod h1:pFQYn66WHrOpPYNljwOMqo10TkYh1fy3cYio2l3bCsQ=
github.com/kr/text v0.1.0 h1:45sCR5RtlFHMR4UwH9sdQ5TC8v0qDQCHnXt+kaKSTVE=
github.com/kr/text v0.1.0/go.mod h1:4Jbv+DJW3UT/LiOwJeYQe1efqtUx/iVham/4vfdArNI=
github.com/labstack/gommon v0.2.9 h1:heVeuAYtevIQVYkGj6A41dtfT91LrvFG220lavpWhrU=
github.com/labstack/gommon v0.2.9/go.mod h1:E8ZTmW9vw5az5/ZyHWCp0Lw4OH2ecsaBP1C/NKavGG4=
github.com/lib/pq v1.0.0/go.mod h1:5WUZQaWbwv1U+lTReE5YruASi9Al49XbQIvNi/34Woo=
github.com/lib/pq v1.1.0 h1:/5u4a+KGJptBRqGzPvYQL9p0d/tPR4S31+Tnzj9lEO4=
github.com/lib/pq v1.1.0/go.mod h1:5WUZQaWbwv1U+lTReE5YruASi9Al49XbQIvNi/34Woo=
github.com/mattn/go-colorable v0.1.1/go.mod h1:FuOcm+DKB9mbwrcAfNl7/TZVBZ6rcnceauSikq3lYCQ=
github.com/mattn/go-colorable v0.1.2 h1:/bC9yWikZXAL9uJdulbSfyVNIR3n3trXl+v8+1sx8mU=
github.com/mattn/go-colorable v0.1.2/go.mod h1:U0ppj6V5qS13XJ6of8GYAs25YV2eR4EVcfRqFIhoBtE=
github.com/mattn/go-isatty v0.0.5/go.mod h1:Iq45c/XA43vh69/j3iqttzPXn0bhXyGjM0Hdxcsrc5s=
github.com/mattn/go-isatty v0.0.7/go.mod h1:Iq45c/XA43vh69/j3iqttzPXn0bhXyGjM0Hdxcsrc5s=
github.com/mattn/go-isatty v0.0.8 h1:HLtExJ+uU2HOZ+wI0Tt5DtUDrx8yhUqDcp7fYERX4CE=
github.com/mattn/go-isatty v0.0.8/go.mod h1:Iq45c/XA43vh69/j3iqttzPXn0bhXyGjM0Hdxcsrc5s=
github.com/mattn/go-sqlite3 v1.9.0/go.mod h1:FPy6KqzDD04eiIsT53CuJW3U88zkxoIYsOqkbpncsNc=
github.com/mattn/go-sqlite3 v1.11.0 h1:LDdKkqtYlom37fkvqs8rMPFKAMe8+SgjbwZ6ex1/A/Q=
github.com/mattn/go-sqlite3 v1.11.0/go.mod h1:FPy6KqzDD04eiIsT53CuJW3U88zkxoIYsOqkbpncsNc=
github.com/newrelic/go-agent v2.15.0+incompatible h1:IB0Fy+dClpBq9aEoIrLyQXzU34JyI1xVTanPLB/+jvU=
github.com/newrelic/go-agent v2.15.0+incompatible/go.mod h1:a8Fv1b/fYhFSReoTU6HDkTYIMZeSVNffmoS726Y0LzQ=
github.com/newrelic/newrelic-telemetry-sdk-go v0.1.0 h1:ppQuK6Nhz4I6M+sk2H/jUNHTkgaTZ5kMVfNEzYXBQE8=
github.com/newrelic/newrelic-telemetry-sdk-go v0.1.0/go.mod h1:G9MqE/cHGv3Hx3qpYhfuyFUsGx2DpVcGi1iJIqTg+JQ=
github.com/pkg/errors v0.8.1 h1:iURUrRGxPUNPdy5/HRSm+Yj6okJ6UtLINN0Q9M4+h3I=
github.com/pkg/errors v0.8.1/go.mod h1:bwawxfHBFNV+L2hUp1rHADufV3IMtnDRdf1r5NINEl0=
github.com/pmezard/go-difflib v1.0.0 h1:4DBwDE0NGyQoBHbLQYPwSUPoCMWR5BEzIk/f1lZbAQM=
github.com/pmezard/go-difflib v1.0.0/go.mod h1:iKH77koFhYxTK1pcRnkKkqfTogsbg7gZNVY4sRDYZ/4=
github.com/rs/zerolog v1.13.0/go.mod h1:YbFCdg8HfsridGWAh22vktObvhZbQsZXe4/zB0OKkWU=
github.com/satori/go.uuid v1.2.0 h1:0uYX9dsZ2yD7q2RtLRtPSdGDWzjeM3TbMJP9utgA0ww=
github.com/satori/go.uuid v1.2.0/go.mod h1:dA0hQrYB0VpLJoorglMZABFdXlWrHn1NEOzdhQKdks0=
github.com/shopspring/decimal v0.0.0-20180709203117-cd690d0c9e24 h1:pntxY8Ary0t43dCZ5dqY4YTJCObLY1kIXl0uzMv+7DE=
github.com/shopspring/decimal v0.0.0-20180709203117-cd690d0c9e24/go.mod h1:M+9NzErvs504Cn4c5DxATwIqPbtswREoFCre64PpcG4=
github.com/sirupsen/logrus v1.4.1/go.mod h1:ni0Sbl8bgC9z8RoU9G6nDWqqs/fq4eDPysMBDgk/93Q=
github.com/spf13/cobra v0.0.3 h1:ZlrZ4XsMRm04Fr5pSFxBgfND2EBVa1nLpiy1stUsX/8=
github.com/spf13/cobra v0.0.3/go.mod h1:1l0Ry5zgKvJasoi3XT1TypsSe7PqH0Sj9dhYf7v3XqQ=
github.com/spf13/pflag v1.0.3 h1:zPAT6CGy6wXeQ7NtTnaTerfKOsV6V6F8agHXFiazDkg=
github.com/spf13/pflag v1.0.3/go.mod h1:DYY7MBk1bdzusC3SYhjObp+wFpr4gzcvqqNjLnInEg4=
github.com/stretchr/objx v0.1.0/go.mod h1:HFkY916IF+rwdDfMAkV7OtwuqBVzrE8GR6GFx+wExME=
github.com/stretchr/objx v0.1.1/go.mod h1:HFkY916IF+rwdDfMAkV7OtwuqBVzrE8GR6GFx+wExME=
github.com/stretchr/objx v0.2.0/go.mod h1:qt09Ya8vawLte6SNmTgCsAVtYtaKzEcn8ATUoHMkEqE=
github.com/stretchr/testify v1.2.2/go.mod h1:a8OnRcib4nhh0OaRAV+Yts87kKdq0PP7pXfy6kDkUVs=
github.com/stretchr/testify v1.3.0 h1:TivCn/peBQ7UY8ooIcPgZFpTNSz0Q2U6UrFlUfqbe0Q=
github.com/stretchr/testify v1.3.0/go.mod h1:M5WIy9Dh21IEIfnGCwXGc5bZfKNJtfHm1UVUgZn+9EI=
github.com/valyala/bytebufferpool v1.0.0 h1:GqA5TC/0021Y/b9FG4Oi9Mr3q7XYx6KllzawFIhcdPw=
github.com/valyala/bytebufferpool v1.0.0/go.mod h1:6bBcMArwyJ5K/AmCkWv1jt77kVWyCJ6HpOuEn7z0Csc=
github.com/valyala/fasttemplate v1.0.1 h1:tY9CJiPnMXf1ERmG2EyK7gNUd+c6RKGD0IfU8WdUSz8=
github.com/valyala/fasttemplate v1.0.1/go.mod h1:UQGH1tvbgY+Nz5t2n7tXsz52dQxojPUpymEIMZ47gx8=
go.uber.org/atomic v1.3.2/go.mod h1:gD2HeocX3+yG+ygLZcrzQJaqmWj9AIm7n08wl/qW/PE=
go.uber.org/atomic v1.4.0 h1:cxzIVoETapQEqDhQu3QfnvXAV4AlzcvUCxkVUFw3+EU=
go.uber.org/atomic v1.4.0/go.mod h1:gD2HeocX3+yG+ygLZcrzQJaqmWj9AIm7n08wl/qW/PE=
go.uber.org/multierr v1.1.0 h1:HoEmRHQPVSqub6w2z2d2EOVs2fjyFRGyofhKuyDq0QI=
go.uber.org/multierr v1.1.0/go.mod h1:wR5kodmAFQ0UK8QlbwjlSNy0Z68gJhDJUG5sjR94q/0=
go.uber.org/zap v1.9.1/go.mod h1:vwi/ZaCAaUcBkycHslxD9B2zi4UTXhF60s6SWpuDF0Q=
go.uber.org/zap v1.10.0 h1:ORx85nbTijNz8ljznvCMR1ZBIPKFn3jQrag10X2AsuM=
go.uber.org/zap v1.10.0/go.mod h1:vwi/ZaCAaUcBkycHslxD9B2zi4UTXhF60s6SWpuDF0Q=
golang.org/x/crypto v0.0.0-20190308221718-c2843e01d9a2/go.mod h1:djNgcEr1/C05ACkg1iLfiJU5Ep61QUkGW8qpdssI0+w=
golang.org/x/crypto v0.0.0-20190411191339-88737f569e3a/go.mod h1:WFFai1msRO1wXaEeE5yQxYXgSfI8pQAWXbQop6sCtWE=
golang.org/x/crypto v0.0.0-20190605123033-f99c8df09eb5/go.mod h1:yigFU9vqHzYiE8UmvKecakEJjdnWj3jj499lnFckfCI=
golang.org/x/crypto v0.0.0-20190701094942-4def268fd1a4 h1:HuIa8hRrWRSrqYzx1qI49NNxhdi2PrY7gxVSq1JjLDc=
golang.org/x/crypto v0.0.0-20190701094942-4def268fd1a4/go.mod h1:yigFU9vqHzYiE8UmvKecakEJjdnWj3jj499lnFckfCI=
golang.org/x/net v0.0.0-20180724234803-3673e40ba225/go.mod h1:mL1N/T3taQHkDXs73rZJwtUhF3w3ftmwwsq0BUmARs4=
golang.org/x/net v0.0.0-20181201002055-351d144fa1fc/go.mod h1:mL1N/T3taQHkDXs73rZJwtUhF3w3ftmwwsq0BUmARs4=
golang.org/x/net v0.0.0-20190311183353-d8887717615a/go.mod h1:t9HGtf8HONx5eT2rtn7q6eTqICYqUVnKs3thJo3Qplg=
golang.org/x/net v0.0.0-20190404232315-eb5bcb51f2a3/go.mod h1:t9HGtf8HONx5eT2rtn7q6eTqICYqUVnKs3thJo3Qplg=
golang.org/x/net v0.0.0-20190603091049-60506f45cf65/go.mod h1:HSz+uSET+XFnRR8LxR5pz3Of3rY3CfYBVs4xY44aLks=
golang.org/x/net v0.0.0-20190607181551-461777fb6f67/go.mod h1:z5CRVTTTmAJ677TzLLGU+0bjPO0LkuOLi4/5GtJWs/s=
golang.org/x/net v0.0.0-20190620200207-3b0461eec859/go.mod h1:z5CRVTTTmAJ677TzLLGU+0bjPO0LkuOLi4/5GtJWs/s=
golang.org/x/net v0.0.0-20190724013045-ca1201d0de80 h1:Ao/3l156eZf2AW5wK8a7/smtodRU+gha3+BeqJ69lRk=
golang.org/x/net v0.0.0-20190724013045-ca1201d0de80/go.mod h1:z5CRVTTTmAJ677TzLLGU+0bjPO0LkuOLi4/5GtJWs/s=
golang.org/x/sync v0.0.0-20190423024810-112230192c58/go.mod h1:RxMgew5VJxzue5/jJTE5uejpjVlOe/izrB70Jof72aM=
golang.org/x/sys v0.0.0-20180905080454-ebe1bf3edb33/go.mod h1:STP8DvDyc/dI5b8T5hshtkjS+E42TnysNCUPdjciGhY=
golang.org/x/sys v0.0.0-20190215142949-d0b11bdaac8a/go.mod h1:STP8DvDyc/dI5b8T5hshtkjS+E42TnysNCUPdjciGhY=
golang.org/x/sys v0.0.0-20190222072716-a9d3bda3a223/go.mod h1:STP8DvDyc/dI5b8T5hshtkjS+E42TnysNCUPdjciGhY=
golang.org/x/sys v0.0.0-20190403152447-81d4e9dc473e/go.mod h1:h1NjWce9XRLGQEsW7wpKNCjG9DtNlClVuFLEZdDNbEs=
golang.org/x/sys v0.0.0-20190412213103-97732733099d/go.mod h1:h1NjWce9XRLGQEsW7wpKNCjG9DtNlClVuFLEZdDNbEs=
golang.org/x/sys v0.0.0-20190602015325-4c4f7f33c9ed/go.mod h1:h1NjWce9XRLGQEsW7wpKNCjG9DtNlClVuFLEZdDNbEs=
golang.org/x/sys v0.0.0-20190609082536-301114b31cce/go.mod h1:h1NjWce9XRLGQEsW7wpKNCjG9DtNlClVuFLEZdDNbEs=
golang.org/x/sys v0.0.0-20190712062909-fae7ac547cb7 h1:LepdCS8Gf/MVejFIt8lsiexZATdoGVyp5bcyS+rYoUI=
golang.org/x/sys v0.0.0-20190712062909-fae7ac547cb7/go.mod h1:h1NjWce9XRLGQEsW7wpKNCjG9DtNlClVuFLEZdDNbEs=
golang.org/x/text v0.3.0/go.mod h1:NqM8EUOU14njkJ3fqMW+pc6Ldnwhi/IjpwHt7yyuwOQ=
golang.org/x/text v0.3.2 h1:tW2bmiBqwgJj/UpqtC8EpXEZVYOwU0yG4iWbprSVAcs=
golang.org/x/text v0.3.2/go.mod h1:bEr9sfX3Q8Zfm5fL9x+3itogRgK3+ptLWKqgva+5dAk=
golang.org/x/tools v0.0.0-20180917221912-90fa682c2a6e/go.mod h1:n7NCudcB/nEzxVGmLbDWY5pfWTLqBcC2KZ6jyYvM4mQ=
golang.org/x/tools v0.0.0-20190608022120-eacb66d2a7c3/go.mod h1:/rFqwRUd4F7ZHNgwSSTFct+R/Kf4OFW1sUzUTQQTgfc=
golang.org/x/tools v0.0.0-20190724185037-8aa4eac1a7c1/go.mod h1:jcCCGcm9btYwXyDqrUWc6MKQKKGJCWEQ3AfLSRIbEuI=
golang.org/x/xerrors v0.0.0-20190410155217-1f06c39b4373/go.mod h1:I/5z698sn9Ka8TeJc9MKroUUfqBBauWjQqLJ2OPfmY0=
golang.org/x/xerrors v0.0.0-20190513163551-3ee3066db522/go.mod h1:I/5z698sn9Ka8TeJc9MKroUUfqBBauWjQqLJ2OPfmY0=
golang.org/x/xerrors v0.0.0-20190717185122-a985d3407aa7 h1:9zdDQZ7Thm29KFXgAX/+yaf3eVbP7djjWp/dXAppNCc=
golang.org/x/xerrors v0.0.0-20190717185122-a985d3407aa7/go.mod h1:I/5z698sn9Ka8TeJc9MKroUUfqBBauWjQqLJ2OPfmY0=
google.golang.org/appengine v1.2.0 h1:S0iUepdCWODXRvtE+gcRDd15L+k+k1AiHlMiMjefH24=
google.golang.org/appengine v1.2.0/go.mod h1:xpcJRLb0r/rnEns0DIKYYv+WjYCduHsrkT7/EB5XEv4=
google.golang.org/appengine v1.6.5 h1:tycE03LOZYQNhDpS27tcQdAzLCVMaj7QT2SXxebnpCM=
google.golang.org/appengine v1.6.5/go.mod h1:8WjMMxjGQR8xUklV/ARdw2HLXBOI7O7uCIDZVag1xfc=
gopkg.in/check.v1 v0.0.0-20161208181325-20d25e280405/go.mod h1:Co6ibVJAznAaIkqp8huTwlJQCZ016jof/cbN4VW5Yz0=
gopkg.in/check.v1 v1.0.0-20180628173108-788fd7840127 h1:qIbj1fsPNlZgppZ+VLlY7N33q108Sa+fhmuc+sWQYwY=
gopkg.in/check.v1 v1.0.0-20180628173108-788fd7840127/go.mod h1:Co6ibVJAznAaIkqp8huTwlJQCZ016jof/cbN4VW5Yz0=
gopkg.in/inconshreveable/log15.v2 v2.0.0-20180818164646-67afb5ed74ec/go.mod h1:aPpfJ7XW+gOuirDoZ8gHhLh3kZ1B08FtV2bbmy7Jv3s=
gopkg.in/yaml.v2 v2.2.2 h1:ZCJp+EgiOT7lHqUV2J862kp8Qj64Jo6az82+3Td9dZw=
gopkg.in/yaml.v2 v2.2.2/go.mod h1:hI93XBmqTisBFMUTm0b8Fm+jr3Dg1NNxqwp+5A1VGuI=
